
Microsoft Visual Studio Solution File, Format Version 11.00
# Visual Studio 2010
Project("{8BC9CEB8-8B4A-11D0-8D11-00A0C91BC942}") = "gm_luaerror", "gm_luaerror\gm_luaerror.vcxproj", "{9BAE2A1A-3FF2-4D0D-91A1-AB2E2D94213B}"
EndProject
Global
	GlobalSection(SolutionConfigurationPlatforms) = preSolution
		Debug|Win32 = Debug|Win32
		Release_Beta|Win32 = Release_Beta|Win32
		Release_GM13|Win32 = Release_GM13|Win32
		Release|Win32 = Release|Win32
	EndGlobalSection
	GlobalSection(ProjectConfigurationPlatforms) = postSolution
		{9BAE2A1A-3FF2-4D0D-91A1-AB2E2D94213B}.Debug|Win32.ActiveCfg = Release|Win32
		{9BAE2A1A-3FF2-4D0D-91A1-AB2E2D94213B}.Debug|Win32.Build.0 = Release|Win32
		{9BAE2A1A-3FF2-4D0D-91A1-AB2E2D94213B}.Release_Beta|Win32.ActiveCfg = Release|Win32
		{9BAE2A1A-3FF2-4D0D-91A1-AB2E2D94213B}.Release_Beta|Win32.Build.0 = Release|Win32
		{9BAE2A1A-3FF2-4D0D-91A1-AB2E2D94213B}.Release_GM13|Win32.ActiveCfg = Release|Win32
		{9BAE2A1A-3FF2-4D0D-91A1-AB2E2D94213B}.Release_GM13|Win32.Build.0 = Release|Win32
		{9BAE2A1A-3FF2-4D0D-91A1-AB2E2D94213B}.Release|Win32.ActiveCfg = Release|Win32
		{9BAE2A1A-3FF2-4D0D-91A1-AB2E2D94213B}.Release|Win32.Build.0 = Release|Win32
	EndGlobalSection
	GlobalSection(SolutionProperties) = preSolution
		HideSolutionNode = FALSE
	EndGlobalSection
EndGlobal
